// !$*UTF8*$!
{
	archiveVersion = 1;
	classes = {
	};
	objectVersion = 52;
	objects = {

/* Begin PBXBuildFile section */
		801B634A24A6DEE4000C9CEE /* AppDelegate.swift in Sources */ = {isa = PBXBuildFile; fileRef = 801B634924A6DEE4000C9CEE /* AppDelegate.swift */; };
		801B634C24A6DEE4000C9CEE /* SceneDelegate.swift in Sources */ = {isa = PBXBuildFile; fileRef = 801B634B24A6DEE4000C9CEE /* SceneDelegate.swift */; };
		801B635324A6DEE5000C9CEE /* Assets.xcassets in Resources */ = {isa = PBXBuildFile; fileRef = 801B635224A6DEE5000C9CEE /* Assets.xcassets */; };
		801B635624A6DEE5000C9CEE /* Preview Assets.xcassets in Resources */ = {isa = PBXBuildFile; fileRef = 801B635524A6DEE5000C9CEE /* Preview Assets.xcassets */; };
		801B635924A6DEE5000C9CEE /* LaunchScreen.storyboard in Resources */ = {isa = PBXBuildFile; fileRef = 801B635724A6DEE5000C9CEE /* LaunchScreen.storyboard */; };
		801B636124A6DEF2000C9CEE /* AddPlayer.swift in Sources */ = {isa = PBXBuildFile; fileRef = 801B636024A6DEF2000C9CEE /* AddPlayer.swift */; };
		801B636324A6DF05000C9CEE /* ContentView.swift in Sources */ = {isa = PBXBuildFile; fileRef = 801B636224A6DF05000C9CEE /* ContentView.swift */; };
		801B636524A6DF0E000C9CEE /* PlayerView.swift in Sources */ = {isa = PBXBuildFile; fileRef = 801B636424A6DF0D000C9CEE /* PlayerView.swift */; };
		809E561824BB799600B4FE2A /* KeyboardOffset.swift in Sources */ = {isa = PBXBuildFile; fileRef = 809E561724BB799600B4FE2A /* KeyboardOffset.swift */; };
		80C0E98224B28388008FFB8C /* TopMenuView.swift in Sources */ = {isa = PBXBuildFile; fileRef = 80C0E98124B28388008FFB8C /* TopMenuView.swift */; };
		80CC32EE24B25FCE00989ACD /* TeamView.swift in Sources */ = {isa = PBXBuildFile; fileRef = 80CC32ED24B25FCE00989ACD /* TeamView.swift */; };
/* End PBXBuildFile section */

/* Begin PBXFileReference section */
		801B634624A6DEE4000C9CEE /* Swift-Spades-Scoring.app */ = {isa = PBXFileReference; explicitFileType = wrapper.application; includeInIndex = 0; path = "Swift-Spades-Scoring.app"; sourceTree = BUILT_PRODUCTS_DIR; };
		801B634924A6DEE4000C9CEE /* AppDelegate.swift */ = {isa = PBXFileReference; lastKnownFileType = sourcecode.swift; path = AppDelegate.swift; sourceTree = "<group>"; };
		801B634B24A6DEE4000C9CEE /* SceneDelegate.swift */ = {isa = PBXFileReference; lastKnownFileType = sourcecode.swift; path = SceneDelegate.swift; sourceTree = "<group>"; };
		801B635224A6DEE5000C9CEE /* Assets.xcassets */ = {isa = PBXFileReference; lastKnownFileType = folder.assetcatalog; path = Assets.xcassets; sourceTree = "<group>"; };
		801B635524A6DEE5000C9CEE /* Preview Assets.xcassets */ = {isa = PBXFileReference; lastKnownFileType = folder.assetcatalog; path = "Preview Assets.xcassets"; sourceTree = "<group>"; };
		801B635824A6DEE5000C9CEE /* Base */ = {isa = PBXFileReference; lastKnownFileType = file.storyboard; name = Base; path = Base.lproj/LaunchScreen.storyboard; sourceTree = "<group>"; };
		801B635A24A6DEE5000C9CEE /* Info.plist */ = {isa = PBXFileReference; lastKnownFileType = text.plist.xml; path = Info.plist; sourceTree = "<group>"; };
		801B636024A6DEF2000C9CEE /* AddPlayer.swift */ = {isa = PBXFileReference; fileEncoding = 4; lastKnownFileType = sourcecode.swift; path = AddPlayer.swift; sourceTree = "<group>"; };
		801B636224A6DF05000C9CEE /* ContentView.swift */ = {isa = PBXFileReference; fileEncoding = 4; lastKnownFileType = sourcecode.swift; path = ContentView.swift; sourceTree = "<group>"; };
		801B636424A6DF0D000C9CEE /* PlayerView.swift */ = {isa = PBXFileReference; fileEncoding = 4; lastKnownFileType = sourcecode.swift; path = PlayerView.swift; sourceTree = "<group>"; };
		809E561724BB799600B4FE2A /* KeyboardOffset.swift */ = {isa = PBXFileReference; lastKnownFileType = sourcecode.swift; path = KeyboardOffset.swift; sourceTree = "<group>"; };
		80C0E98124B28388008FFB8C /* TopMenuView.swift */ = {isa = PBXFileReference; lastKnownFileType = sourcecode.swift; path = TopMenuView.swift; sourceTree = "<group>"; };
		80CC32ED24B25FCE00989ACD /* TeamView.swift */ = {isa = PBXFileReference; lastKnownFileType = sourcecode.swift; path = TeamView.swift; sourceTree = "<group>"; };
/* End PBXFileReference section */

/* Begin PBXFrameworksBuildPhase section */
		801B634324A6DEE4000C9CEE /* Frameworks */ = {
			isa = PBXFrameworksBuildPhase;
			buildActionMask = 2147483647;
			files = (
			);
			runOnlyForDeploymentPostprocessing = 0;
		};
/* End PBXFrameworksBuildPhase section */

/* Begin PBXGroup section */
		801B633D24A6DEE4000C9CEE = {
			isa = PBXGroup;
			children = (
				801B634824A6DEE4000C9CEE /* Jacks */,
				801B634724A6DEE4000C9CEE /* Products */,
			);
			sourceTree = "<group>";
		};
		801B634724A6DEE4000C9CEE /* Products */ = {
			isa = PBXGroup;
			children = (
				801B634624A6DEE4000C9CEE /* Swift-Spades-Scoring.app */,
			);
			name = Products;
			sourceTree = "<group>";
		};
		801B634824A6DEE4000C9CEE /* Jacks */ = {
			isa = PBXGroup;
			children = (
				801B634924A6DEE4000C9CEE /* AppDelegate.swift */,
				801B634B24A6DEE4000C9CEE /* SceneDelegate.swift */,
				801B636224A6DF05000C9CEE /* ContentView.swift */,
				801B636424A6DF0D000C9CEE /* PlayerView.swift */,
				801B636024A6DEF2000C9CEE /* AddPlayer.swift */,
				80CC32ED24B25FCE00989ACD /* TeamView.swift */,
				80C0E98124B28388008FFB8C /* TopMenuView.swift */,
				801B635224A6DEE5000C9CEE /* Assets.xcassets */,
				801B635724A6DEE5000C9CEE /* LaunchScreen.storyboard */,
				801B635A24A6DEE5000C9CEE /* Info.plist */,
				801B635424A6DEE5000C9CEE /* Preview Content */,
				809E561724BB799600B4FE2A /* KeyboardOffset.swift */,
			);
			path = Jacks;
			sourceTree = "<group>";
		};
		801B635424A6DEE5000C9CEE /* Preview Content */ = {
			isa = PBXGroup;
			children = (
				801B635524A6DEE5000C9CEE /* Preview Assets.xcassets */,
			);
			path = "Preview Content";
			sourceTree = "<group>";
		};
/* End PBXGroup section */

/* Begin PBXNativeTarget section */
		801B634524A6DEE4000C9CEE /* Jacks */ = {
			isa = PBXNativeTarget;
			buildConfigurationList = 801B635D24A6DEE5000C9CEE /* Build configuration list for PBXNativeTarget "Jacks" */;
			buildPhases = (
				801B634224A6DEE4000C9CEE /* Sources */,
				801B634324A6DEE4000C9CEE /* Frameworks */,
				801B634424A6DEE4000C9CEE /* Resources */,
			);
			buildRules = (
			);
			dependencies = (
			);
			name = Jacks;
			packageProductDependencies = (
			);
			productName = Jacks;
			productReference = 801B634624A6DEE4000C9CEE /* Swift-Spades-Scoring.app */;
			productType = "com.apple.product-type.application";
		};
/* End PBXNativeTarget section */

/* Begin PBXProject section */
		801B633E24A6DEE4000C9CEE /* Project object */ = {
			isa = PBXProject;
			attributes = {
				LastSwiftUpdateCheck = 1150;
				LastUpgradeCheck = 1150;
				ORGANIZATIONNAME = "Blizzard Skeleton";
				TargetAttributes = {
					801B634524A6DEE4000C9CEE = {
						CreatedOnToolsVersion = 11.5;
					};
				};
			};
			buildConfigurationList = 801B634124A6DEE4000C9CEE /* Build configuration list for PBXProject "Jacks" */;
			compatibilityVersion = "Xcode 9.3";
			developmentRegion = en;
			hasScannedForEncodings = 0;
			knownRegions = (
				en,
				Base,
			);
			mainGroup = 801B633D24A6DEE4000C9CEE;
			packageReferences = (
				80358D5B24AAD7900090B8E9 /* XCRemoteSwiftPackageReference "PartialSheet" */,
				8050641824AADF1900A78438 /* XCRemoteSwiftPackageReference "swiftUI-slide-over-card" */,
			);
			productRefGroup = 801B634724A6DEE4000C9CEE /* Products */;
			projectDirPath = "";
			projectRoot = "";
			targets = (
				801B634524A6DEE4000C9CEE /* Jacks */,
			);
		};
/* End PBXProject section */

/* Begin PBXResourcesBuildPhase section */
		801B634424A6DEE4000C9CEE /* Resources */ = {
			isa = PBXResourcesBuildPhase;
			buildActionMask = 2147483647;
			files = (
				801B635924A6DEE5000C9CEE /* LaunchScreen.storyboard in Resources */,
				801B635624A6DEE5000C9CEE /* Preview Assets.xcassets in Resources */,
				801B635324A6DEE5000C9CEE /* Assets.xcassets in Resources */,
			);
			runOnlyForDeploymentPostprocessing = 0;
		};
/* End PBXResourcesBuildPhase section */

/* Begin PBXSourcesBuildPhase section */
		801B634224A6DEE4000C9CEE /* Sources */ = {
			isa = PBXSourcesBuildPhase;
			buildActionMask = 2147483647;
			files = (
				801B634A24A6DEE4000C9CEE /* AppDelegate.swift in Sources */,
				801B636324A6DF05000C9CEE /* ContentView.swift in Sources */,
				80C0E98224B28388008FFB8C /* TopMenuView.swift in Sources */,
				809E561824BB799600B4FE2A /* KeyboardOffset.swift in Sources */,
				801B636124A6DEF2000C9CEE /* AddPlayer.swift in Sources */,
				801B634C24A6DEE4000C9CEE /* SceneDelegate.swift in Sources */,
				80CC32EE24B25FCE00989ACD /* TeamView.swift in Sources */,
				801B636524A6DF0E000C9CEE /* PlayerView.swift in Sources */,
			);
			runOnlyForDeploymentPostprocessing = 0;
		};
/* End PBXSourcesBuildPhase section */

/* Begin PBXVariantGroup section */
		801B635724A6DEE5000C9CEE /* LaunchScreen.storyboard */ = {
			isa = PBXVariantGroup;
			children = (
				801B635824A6DEE5000C9CEE /* Base */,
			);
			name = LaunchScreen.storyboard;
			sourceTree = "<group>";
		};
/* End PBXVariantGroup section */

/* Begin XCBuildConfiguration section */
		801B635B24A6DEE5000C9CEE /* Debug */ = {
			isa = XCBuildConfiguration;
			buildSettings = {
				ALWAYS_SEARCH_USER_PATHS = NO;
				CLANG_ANALYZER_NONNULL = YES;
				CLANG_ANALYZER_NUMBER_OBJECT_CONVERSION = YES_AGGRESSIVE;
				CLANG_CXX_LANGUAGE_STANDARD = "gnu++14";
				CLANG_CXX_LIBRARY = "libc++";
				CLANG_ENABLE_MODULES = YES;
				CLANG_ENABLE_OBJC_ARC = YES;
				CLANG_ENABLE_OBJC_WEAK = YES;
				CLANG_WARN_BLOCK_CAPTURE_AUTORELEASING = YES;
				CLANG_WARN_BOOL_CONVERSION = YES;
				CLANG_WARN_COMMA = YES;
				CLANG_WARN_CONSTANT_CONVERSION = YES;
				CLANG_WARN_DEPRECATED_OBJC_IMPLEMENTATIONS = YES;
				CLANG_WARN_DIRECT_OBJC_ISA_USAGE = YES_ERROR;
				CLANG_WARN_DOCUMENTATION_COMMENTS = YES;
				CLANG_WARN_EMPTY_BODY = YES;
				CLANG_WARN_ENUM_CONVERSION = YES;
				CLANG_WARN_INFINITE_RECURSION = YES;
				CLANG_WARN_INT_CONVERSION = YES;
				CLANG_WARN_NON_LITERAL_NULL_CONVERSION = YES;
				CLANG_WARN_OBJC_IMPLICIT_RETAIN_SELF = YES;
				CLANG_WARN_OBJC_LITERAL_CONVERSION = YES;
				CLANG_WARN_OBJC_ROOT_CLASS = YES_ERROR;
				CLANG_WARN_RANGE_LOOP_ANALYSIS = YES;
				CLANG_WARN_STRICT_PROTOTYPES = YES;
				CLANG_WARN_SUSPICIOUS_MOVE = YES;
				CLANG_WARN_UNGUARDED_AVAILABILITY = YES_AGGRESSIVE;
				CLANG_WARN_UNREACHABLE_CODE = YES;
				CLANG_WARN__DUPLICATE_METHOD_MATCH = YES;
				COPY_PHASE_STRIP = NO;
				DEBUG_INFORMATION_FORMAT = dwarf;
				ENABLE_STRICT_OBJC_MSGSEND = YES;
				ENABLE_TESTABILITY = YES;
				GCC_C_LANGUAGE_STANDARD = gnu11;
				GCC_DYNAMIC_NO_PIC = NO;
				GCC_NO_COMMON_BLOCKS = YES;
				GCC_OPTIMIZATION_LEVEL = 0;
				GCC_PREPROCESSOR_DEFINITIONS = (
					"DEBUG=1",
					"$(inherited)",
				);
				GCC_WARN_64_TO_32_BIT_CONVERSION = YES;
				GCC_WARN_ABOUT_RETURN_TYPE = YES_ERROR;
				GCC_WARN_UNDECLARED_SELECTOR = YES;
				GCC_WARN_UNINITIALIZED_AUTOS = YES_AGGRESSIVE;
				GCC_WARN_UNUSED_FUNCTION = YES;
				GCC_WARN_UNUSED_VARIABLE = YES;
				IPHONEOS_DEPLOYMENT_TARGET = 13.5;
				MTL_ENABLE_DEBUG_INFO = INCLUDE_SOURCE;
				MTL_FAST_MATH = YES;
				ONLY_ACTIVE_ARCH = YES;
				SDKROOT = iphoneos;
				SWIFT_ACTIVE_COMPILATION_CONDITIONS = DEBUG;
				SWIFT_OPTIMIZATION_LEVEL = "-Onone";
			};
			name = Debug;
		};
		801B635C24A6DEE5000C9CEE /* Release */ = {
			isa = XCBuildConfiguration;
			buildSettings = {
				ALWAYS_SEARCH_USER_PATHS = NO;
				CLANG_ANALYZER_NONNULL = YES;
				CLANG_ANALYZER_NUMBER_OBJECT_CONVERSION = YES_AGGRESSIVE;
				CLANG_CXX_LANGUAGE_STANDARD = "gnu++14";
				CLANG_CXX_LIBRARY = "libc++";
				CLANG_ENABLE_MODULES = YES;
				CLANG_ENABLE_OBJC_ARC = YES;
				CLANG_ENABLE_OBJC_WEAK = YES;
				CLANG_WARN_BLOCK_CAPTURE_AUTORELEASING = YES;
				CLANG_WARN_BOOL_CONVERSION = YES;
				CLANG_WARN_COMMA = YES;
				CLANG_WARN_CONSTANT_CONVERSION = YES;
				CLANG_WARN_DEPRECATED_OBJC_IMPLEMENTATIONS = YES;
				CLANG_WARN_DIRECT_OBJC_ISA_USAGE = YES_ERROR;
				CLANG_WARN_DOCUMENTATION_COMMENTS = YES;
				CLANG_WARN_EMPTY_BODY = YES;
				CLANG_WARN_ENUM_CONVERSION = YES;
				CLANG_WARN_INFINITE_RECURSION = YES;
				CLANG_WARN_INT_CONVERSION = YES;
				CLANG_WARN_NON_LITERAL_NULL_CONVERSION = YES;
				CLANG_WARN_OBJC_IMPLICIT_RETAIN_SELF = YES;
				CLANG_WARN_OBJC_LITERAL_CONVERSION = YES;
				CLANG_WARN_OBJC_ROOT_CLASS = YES_ERROR;
				CLANG_WARN_RANGE_LOOP_ANALYSIS = YES;
				CLANG_WARN_STRICT_PROTOTYPES = YES;
				CLANG_WARN_SUSPICIOUS_MOVE = YES;
				CLANG_WARN_UNGUARDED_AVAILABILITY = YES_AGGRESSIVE;
				CLANG_WARN_UNREACHABLE_CODE = YES;
				CLANG_WARN__DUPLICATE_METHOD_MATCH = YES;
				COPY_PHASE_STRIP = NO;
				DEBUG_INFORMATION_FORMAT = "dwarf-with-dsym";
				ENABLE_NS_ASSERTIONS = NO;
				ENABLE_STRICT_OBJC_MSGSEND = YES;
				GCC_C_LANGUAGE_STANDARD = gnu11;
				GCC_NO_COMMON_BLOCKS = YES;
				GCC_WARN_64_TO_32_BIT_CONVERSION = YES;
				GCC_WARN_ABOUT_RETURN_TYPE = YES_ERROR;
				GCC_WARN_UNDECLARED_SELECTOR = YES;
				GCC_WARN_UNINITIALIZED_AUTOS = YES_AGGRESSIVE;
				GCC_WARN_UNUSED_FUNCTION = YES;
				GCC_WARN_UNUSED_VARIABLE = YES;
				IPHONEOS_DEPLOYMENT_TARGET = 13.5;
				MTL_ENABLE_DEBUG_INFO = NO;
				MTL_FAST_MATH = YES;
				SDKROOT = iphoneos;
				SWIFT_COMPILATION_MODE = wholemodule;
				SWIFT_OPTIMIZATION_LEVEL = "-O";
				VALIDATE_PRODUCT = YES;
			};
			name = Release;
		};
		801B635E24A6DEE5000C9CEE /* Debug */ = {
			isa = XCBuildConfiguration;
			buildSettings = {
				ASSETCATALOG_COMPILER_APPICON_NAME = AppIcon;
				CODE_SIGN_STYLE = Automatic;
				DEVELOPMENT_ASSET_PATHS = "\"Jacks/Preview Content\"";
				DEVELOPMENT_TEAM = PK7HCG46US;
				ENABLE_PREVIEWS = YES;
				INFOPLIST_FILE = Jacks/Info.plist;
				LD_RUNPATH_SEARCH_PATHS = (
					"$(inherited)",
					"@executable_path/Frameworks",
				);
				PRODUCT_BUNDLE_IDENTIFIER = "com.blizzardskeleton.Swift-Spades-Scoring";
				PRODUCT_NAME = "Swift-Spades-Scoring";
				SWIFT_VERSION = 5.0;
				TARGETED_DEVICE_FAMILY = "1,2";
			};
			name = Debug;
		};
		801B635F24A6DEE5000C9CEE /* Release */ = {
			isa = XCBuildConfiguration;
			buildSettings = {
				ASSETCATALOG_COMPILER_APPICON_NAME = AppIcon;
				CODE_SIGN_STYLE = Automatic;
				DEVELOPMENT_ASSET_PATHS = "\"Jacks/Preview Content\"";
				DEVELOPMENT_TEAM = PK7HCG46US;
				ENABLE_PREVIEWS = YES;
				INFOPLIST_FILE = Jacks/Info.plist;
				LD_RUNPATH_SEARCH_PATHS = (
					"$(inherited)",
					"@executable_path/Frameworks",
				);
				PRODUCT_BUNDLE_IDENTIFIER = "com.blizzardskeleton.Swift-Spades-Scoring";
				PRODUCT_NAME = "Swift-Spades-Scoring";
				SWIFT_VERSION = 5.0;
				TARGETED_DEVICE_FAMILY = "1,2";
			};
			name = Release;
		};
/* End XCBuildConfiguration section */

/* Begin XCConfigurationList section */
		801B634124A6DEE4000C9CEE /* Build configuration list for PBXProject "Jacks" */ = {
			isa = XCConfigurationList;
			buildConfigurations = (
				801B635B24A6DEE5000C9CEE /* Debug */,
				801B635C24A6DEE5000C9CEE /* Release */,
			);
			defaultConfigurationIsVisible = 0;
			defaultConfigurationName = Release;
		};
		801B635D24A6DEE5000C9CEE /* Build configuration list for PBXNativeTarget "Jacks" */ = {
			isa = XCConfigurationList;
			buildConfigurations = (
				801B635E24A6DEE5000C9CEE /* Debug */,
				801B635F24A6DEE5000C9CEE /* Release */,
			);
			defaultConfigurationIsVisible = 0;
			defaultConfigurationName = Release;
		};
/* End XCConfigurationList section */

/* Begin XCRemoteSwiftPackageReference section */
		80358D5B24AAD7900090B8E9 /* XCRemoteSwiftPackageReference "PartialSheet" */ = {
			isa = XCRemoteSwiftPackageReference;
			repositoryURL = "https://github.com/AndreaMiotto/PartialSheet.git";
			requirement = {
				kind = upToNextMajorVersion;
				minimumVersion = 2.1.6;
			};
		};
		8050641824AADF1900A78438 /* XCRemoteSwiftPackageReference "swiftUI-slide-over-card" */ = {
			isa = XCRemoteSwiftPackageReference;
			repositoryURL = "https://github.com/moifort/swiftUI-slide-over-card.git";
			requirement = {
				kind = upToNextMajorVersion;
				minimumVersion = 1.2.1;
			};
		};
/* End XCRemoteSwiftPackageReference section */
	};
	rootObject = 801B633E24A6DEE4000C9CEE /* Project object */;
}
